
Microsoft Visual Studio Solution File, Format Version 12.00
# Visual Studio Version 17
VisualStudioVersion = 17.4.33205.214
MinimumVisualStudioVersion = 10.0.40219.1
Project("{FAE04EC0-301F-11D3-BF4B-00C04F79EFBC}") = "Namespaces", "Namespaces\Namespaces.csproj", "{1B943FC1-7A54-4528-AD51-EA1E576020F0}"
EndProject
Global
	GlobalSection(SolutionConfigurationPlatforms) = preSolution
		Debug|Any CPU = Debug|Any CPU
		Release|Any CPU = Release|Any CPU
	EndGlobalSection
	GlobalSection(ProjectConfigurationPlatforms) = postSolution
		{1B943FC1-7A54-4528-AD51-EA1E576020F0}.Debug|Any CPU.ActiveCfg = Debug|Any CPU
		{1B943FC1-7A54-4528-AD51-EA1E576020F0}.Debug|Any CPU.Build.0 = Debug|Any CPU
		{1B943FC1-7A54-4528-AD51-EA1E576020F0}.Release|Any CPU.ActiveCfg = Release|Any CPU
		{1B943FC1-7A54-4528-AD51-EA1E576020F0}.Release|Any CPU.Build.0 = Release|Any CPU
	EndGlobalSection
	GlobalSection(SolutionProperties) = preSolution
		HideSolutionNode = FALSE
	EndGlobalSection
	GlobalSection(ExtensibilityGlobals) = postSolution
		SolutionGuid = {B425C30E-7C0C-4D2C-B6C5-0A2427FA2405}
	EndGlobalSection
EndGlobal
