
Microsoft Visual Studio Solution File, Format Version 12.00
# Visual Studio Version 17
VisualStudioVersion = 17.4.33205.214
MinimumVisualStudioVersion = 10.0.40219.1
Project("{FAE04EC0-301F-11D3-BF4B-00C04F79EFBC}") = "FirstProjectCsharp", "FirstProjectCsharp\FirstProjectCsharp.csproj", "{90B34C75-6342-4045-8A7E-DF2232DE3F0E}"
EndProject
Global
	GlobalSection(SolutionConfigurationPlatforms) = preSolution
		Debug|Any CPU = Debug|Any CPU
		Release|Any CPU = Release|Any CPU
	EndGlobalSection
	GlobalSection(ProjectConfigurationPlatforms) = postSolution
		{90B34C75-6342-4045-8A7E-DF2232DE3F0E}.Debug|Any CPU.ActiveCfg = Debug|Any CPU
		{90B34C75-6342-4045-8A7E-DF2232DE3F0E}.Debug|Any CPU.Build.0 = Debug|Any CPU
		{90B34C75-6342-4045-8A7E-DF2232DE3F0E}.Release|Any CPU.ActiveCfg = Release|Any CPU
		{90B34C75-6342-4045-8A7E-DF2232DE3F0E}.Release|Any CPU.Build.0 = Release|Any CPU
	EndGlobalSection
	GlobalSection(SolutionProperties) = preSolution
		HideSolutionNode = FALSE
	EndGlobalSection
	GlobalSection(ExtensibilityGlobals) = postSolution
		SolutionGuid = {BFDF09D1-D5EF-4F1D-8EF3-6088878755C3}
	EndGlobalSection
EndGlobal
