
Microsoft Visual Studio Solution File, Format Version 12.00
# Visual Studio Version 17
VisualStudioVersion = 17.4.33205.214
MinimumVisualStudioVersion = 10.0.40219.1
Project("{FAE04EC0-301F-11D3-BF4B-00C04F79EFBC}") = "Switch_case", "Switch_case\Switch_case.csproj", "{085467DC-1FB4-41E5-851D-E8ED1B8F9D53}"
EndProject
Global
	GlobalSection(SolutionConfigurationPlatforms) = preSolution
		Debug|Any CPU = Debug|Any CPU
		Release|Any CPU = Release|Any CPU
	EndGlobalSection
	GlobalSection(ProjectConfigurationPlatforms) = postSolution
		{085467DC-1FB4-41E5-851D-E8ED1B8F9D53}.Debug|Any CPU.ActiveCfg = Debug|Any CPU
		{085467DC-1FB4-41E5-851D-E8ED1B8F9D53}.Debug|Any CPU.Build.0 = Debug|Any CPU
		{085467DC-1FB4-41E5-851D-E8ED1B8F9D53}.Release|Any CPU.ActiveCfg = Release|Any CPU
		{085467DC-1FB4-41E5-851D-E8ED1B8F9D53}.Release|Any CPU.Build.0 = Release|Any CPU
	EndGlobalSection
	GlobalSection(SolutionProperties) = preSolution
		HideSolutionNode = FALSE
	EndGlobalSection
	GlobalSection(ExtensibilityGlobals) = postSolution
		SolutionGuid = {33B6776D-232A-4D64-BB11-721F3A7C7DDA}
	EndGlobalSection
EndGlobal
