
Microsoft Visual Studio Solution File, Format Version 12.00
# Visual Studio Version 17
VisualStudioVersion = 17.4.33205.214
MinimumVisualStudioVersion = 10.0.40219.1
Project("{FAE04EC0-301F-11D3-BF4B-00C04F79EFBC}") = "stringProblem", "stringProblem\stringProblem.csproj", "{003E1EA8-E539-4ED9-9C2E-1BA8B3517220}"
EndProject
Global
	GlobalSection(SolutionConfigurationPlatforms) = preSolution
		Debug|Any CPU = Debug|Any CPU
		Release|Any CPU = Release|Any CPU
	EndGlobalSection
	GlobalSection(ProjectConfigurationPlatforms) = postSolution
		{003E1EA8-E539-4ED9-9C2E-1BA8B3517220}.Debug|Any CPU.ActiveCfg = Debug|Any CPU
		{003E1EA8-E539-4ED9-9C2E-1BA8B3517220}.Debug|Any CPU.Build.0 = Debug|Any CPU
		{003E1EA8-E539-4ED9-9C2E-1BA8B3517220}.Release|Any CPU.ActiveCfg = Release|Any CPU
		{003E1EA8-E539-4ED9-9C2E-1BA8B3517220}.Release|Any CPU.Build.0 = Release|Any CPU
	EndGlobalSection
	GlobalSection(SolutionProperties) = preSolution
		HideSolutionNode = FALSE
	EndGlobalSection
	GlobalSection(ExtensibilityGlobals) = postSolution
		SolutionGuid = {B82E8458-0484-4D95-AC45-F1567D25A755}
	EndGlobalSection
EndGlobal
