
Microsoft Visual Studio Solution File, Format Version 12.00
# Visual Studio Version 17
VisualStudioVersion = 17.4.33205.214
MinimumVisualStudioVersion = 10.0.40219.1
Project("{FAE04EC0-301F-11D3-BF4B-00C04F79EFBC}") = "DelegateIntro", "DelegateIntro\DelegateIntro.csproj", "{1A905A92-C0C9-4835-A74E-AA66FE908BA3}"
EndProject
Global
	GlobalSection(SolutionConfigurationPlatforms) = preSolution
		Debug|Any CPU = Debug|Any CPU
		Release|Any CPU = Release|Any CPU
	EndGlobalSection
	GlobalSection(ProjectConfigurationPlatforms) = postSolution
		{1A905A92-C0C9-4835-A74E-AA66FE908BA3}.Debug|Any CPU.ActiveCfg = Debug|Any CPU
		{1A905A92-C0C9-4835-A74E-AA66FE908BA3}.Debug|Any CPU.Build.0 = Debug|Any CPU
		{1A905A92-C0C9-4835-A74E-AA66FE908BA3}.Release|Any CPU.ActiveCfg = Release|Any CPU
		{1A905A92-C0C9-4835-A74E-AA66FE908BA3}.Release|Any CPU.Build.0 = Release|Any CPU
	EndGlobalSection
	GlobalSection(SolutionProperties) = preSolution
		HideSolutionNode = FALSE
	EndGlobalSection
	GlobalSection(ExtensibilityGlobals) = postSolution
		SolutionGuid = {8F1A6961-9A6E-4D6F-BB1E-5CF69F6B43AC}
	EndGlobalSection
EndGlobal
