
Microsoft Visual Studio Solution File, Format Version 12.00
# Visual Studio Version 17
VisualStudioVersion = 17.4.33205.214
MinimumVisualStudioVersion = 10.0.40219.1
Project("{FAE04EC0-301F-11D3-BF4B-00C04F79EFBC}") = "MultithreadingVsSingleThreading part7", "MultithreadingVsSingleThreading part7\MultithreadingVsSingleThreading part7.csproj", "{56CCF799-AFDE-49E6-82C1-B9B3BDD2329F}"
EndProject
Global
	GlobalSection(SolutionConfigurationPlatforms) = preSolution
		Debug|Any CPU = Debug|Any CPU
		Release|Any CPU = Release|Any CPU
	EndGlobalSection
	GlobalSection(ProjectConfigurationPlatforms) = postSolution
		{56CCF799-AFDE-49E6-82C1-B9B3BDD2329F}.Debug|Any CPU.ActiveCfg = Debug|Any CPU
		{56CCF799-AFDE-49E6-82C1-B9B3BDD2329F}.Debug|Any CPU.Build.0 = Debug|Any CPU
		{56CCF799-AFDE-49E6-82C1-B9B3BDD2329F}.Release|Any CPU.ActiveCfg = Release|Any CPU
		{56CCF799-AFDE-49E6-82C1-B9B3BDD2329F}.Release|Any CPU.Build.0 = Release|Any CPU
	EndGlobalSection
	GlobalSection(SolutionProperties) = preSolution
		HideSolutionNode = FALSE
	EndGlobalSection
	GlobalSection(ExtensibilityGlobals) = postSolution
		SolutionGuid = {5124C3A1-57C7-4B2A-9705-ED6E531989E1}
	EndGlobalSection
EndGlobal
