
Microsoft Visual Studio Solution File, Format Version 12.00
# Visual Studio Version 17
VisualStudioVersion = 17.4.33205.214
MinimumVisualStudioVersion = 10.0.40219.1
Project("{FAE04EC0-301F-11D3-BF4B-00C04F79EFBC}") = "StringBuilder_E60", "StringBuilder_E60\StringBuilder_E60.csproj", "{49C5CB43-46E0-45C8-B074-278D6EA890E8}"
EndProject
Global
	GlobalSection(SolutionConfigurationPlatforms) = preSolution
		Debug|Any CPU = Debug|Any CPU
		Release|Any CPU = Release|Any CPU
	EndGlobalSection
	GlobalSection(ProjectConfigurationPlatforms) = postSolution
		{49C5CB43-46E0-45C8-B074-278D6EA890E8}.Debug|Any CPU.ActiveCfg = Debug|Any CPU
		{49C5CB43-46E0-45C8-B074-278D6EA890E8}.Debug|Any CPU.Build.0 = Debug|Any CPU
		{49C5CB43-46E0-45C8-B074-278D6EA890E8}.Release|Any CPU.ActiveCfg = Release|Any CPU
		{49C5CB43-46E0-45C8-B074-278D6EA890E8}.Release|Any CPU.Build.0 = Release|Any CPU
	EndGlobalSection
	GlobalSection(SolutionProperties) = preSolution
		HideSolutionNode = FALSE
	EndGlobalSection
	GlobalSection(ExtensibilityGlobals) = postSolution
		SolutionGuid = {6ED9405C-3453-4337-8622-813F421E51C5}
	EndGlobalSection
EndGlobal
