
Microsoft Visual Studio Solution File, Format Version 12.00
# Visual Studio Version 17
VisualStudioVersion = 17.4.33205.214
MinimumVisualStudioVersion = 10.0.40219.1
Project("{FAE04EC0-301F-11D3-BF4B-00C04F79EFBC}") = "GenericList Class and Range E76", "GenericList Class and Range E76\GenericList Class and Range E76.csproj", "{8DAB966F-9E9D-4602-A4FF-023D738C4ABB}"
EndProject
Global
	GlobalSection(SolutionConfigurationPlatforms) = preSolution
		Debug|Any CPU = Debug|Any CPU
		Release|Any CPU = Release|Any CPU
	EndGlobalSection
	GlobalSection(ProjectConfigurationPlatforms) = postSolution
		{8DAB966F-9E9D-4602-A4FF-023D738C4ABB}.Debug|Any CPU.ActiveCfg = Debug|Any CPU
		{8DAB966F-9E9D-4602-A4FF-023D738C4ABB}.Debug|Any CPU.Build.0 = Debug|Any CPU
		{8DAB966F-9E9D-4602-A4FF-023D738C4ABB}.Release|Any CPU.ActiveCfg = Release|Any CPU
		{8DAB966F-9E9D-4602-A4FF-023D738C4ABB}.Release|Any CPU.Build.0 = Release|Any CPU
	EndGlobalSection
	GlobalSection(SolutionProperties) = preSolution
		HideSolutionNode = FALSE
	EndGlobalSection
	GlobalSection(ExtensibilityGlobals) = postSolution
		SolutionGuid = {AF182B1B-64D6-4685-868F-BFA1CFC150B0}
	EndGlobalSection
EndGlobal
