
Microsoft Visual Studio Solution File, Format Version 12.00
# Visual Studio Version 17
VisualStudioVersion = 17.4.33205.214
MinimumVisualStudioVersion = 10.0.40219.1
Project("{FAE04EC0-301F-11D3-BF4B-00C04F79EFBC}") = "DictioneryVsList E81", "DictioneryVsList E81\DictioneryVsList E81.csproj", "{B13AD52F-961D-4CE1-9880-62CC862FAAD0}"
EndProject
Global
	GlobalSection(SolutionConfigurationPlatforms) = preSolution
		Debug|Any CPU = Debug|Any CPU
		Release|Any CPU = Release|Any CPU
	EndGlobalSection
	GlobalSection(ProjectConfigurationPlatforms) = postSolution
		{B13AD52F-961D-4CE1-9880-62CC862FAAD0}.Debug|Any CPU.ActiveCfg = Debug|Any CPU
		{B13AD52F-961D-4CE1-9880-62CC862FAAD0}.Debug|Any CPU.Build.0 = Debug|Any CPU
		{B13AD52F-961D-4CE1-9880-62CC862FAAD0}.Release|Any CPU.ActiveCfg = Release|Any CPU
		{B13AD52F-961D-4CE1-9880-62CC862FAAD0}.Release|Any CPU.Build.0 = Release|Any CPU
	EndGlobalSection
	GlobalSection(SolutionProperties) = preSolution
		HideSolutionNode = FALSE
	EndGlobalSection
	GlobalSection(ExtensibilityGlobals) = postSolution
		SolutionGuid = {62D9500A-5002-4C90-ACF1-C18835A9E2DD}
	EndGlobalSection
EndGlobal
