
Microsoft Visual Studio Solution File, Format Version 12.00
# Visual Studio Version 17
VisualStudioVersion = 17.4.33205.214
MinimumVisualStudioVersion = 10.0.40219.1
Project("{FAE04EC0-301F-11D3-BF4B-00C04F79EFBC}") = "ReviewTask", "ReviewTask\ReviewTask.csproj", "{B5F4A709-D583-421F-95BD-CF1B53BDADF0}"
EndProject
Global
	GlobalSection(SolutionConfigurationPlatforms) = preSolution
		Debug|Any CPU = Debug|Any CPU
		Release|Any CPU = Release|Any CPU
	EndGlobalSection
	GlobalSection(ProjectConfigurationPlatforms) = postSolution
		{B5F4A709-D583-421F-95BD-CF1B53BDADF0}.Debug|Any CPU.ActiveCfg = Debug|Any CPU
		{B5F4A709-D583-421F-95BD-CF1B53BDADF0}.Debug|Any CPU.Build.0 = Debug|Any CPU
		{B5F4A709-D583-421F-95BD-CF1B53BDADF0}.Release|Any CPU.ActiveCfg = Release|Any CPU
		{B5F4A709-D583-421F-95BD-CF1B53BDADF0}.Release|Any CPU.Build.0 = Release|Any CPU
	EndGlobalSection
	GlobalSection(SolutionProperties) = preSolution
		HideSolutionNode = FALSE
	EndGlobalSection
	GlobalSection(ExtensibilityGlobals) = postSolution
		SolutionGuid = {B344FF9E-7D05-478B-A856-7F571CDDAB23}
	EndGlobalSection
EndGlobal
